
Microsoft Visual Studio Solution File, Format Version 12.00
# Visual Studio Version 16
VisualStudioVersion = 16.0.30907.101
MinimumVisualStudioVersion = 10.0.40219.1
Project("{FAE04EC0-301F-11D3-BF4B-00C04F79EFBC}") = "WinContainer", "WinContainer.csproj", "{3B432B6F-4723-4118-9205-523B69067D09}"
EndProject
Global
	GlobalSection(SolutionConfigurationPlatforms) = preSolution
		Debug|Any CPU = Debug|Any CPU
		Release|Any CPU = Release|Any CPU
	EndGlobalSection
	GlobalSection(ProjectConfigurationPlatforms) = postSolution
		{3B432B6F-4723-4118-9205-523B69067D09}.Debug|Any CPU.ActiveCfg = Debug|Any CPU
		{3B432B6F-4723-4118-9205-523B69067D09}.Debug|Any CPU.Build.0 = Debug|Any CPU
		{3B432B6F-4723-4118-9205-523B69067D09}.Release|Any CPU.ActiveCfg = Release|Any CPU
		{3B432B6F-4723-4118-9205-523B69067D09}.Release|Any CPU.Build.0 = Release|Any CPU
	EndGlobalSection
	GlobalSection(SolutionProperties) = preSolution
		HideSolutionNode = FALSE
	EndGlobalSection
	GlobalSection(ExtensibilityGlobals) = postSolution
		SolutionGuid = {C6DFE06E-0359-43C7-AF5C-D3CF66DA8B7F}
	EndGlobalSection
EndGlobal
