
Microsoft Visual Studio Solution File, Format Version 12.00
# Visual Studio Version 16
VisualStudioVersion = 16.0.30907.101
MinimumVisualStudioVersion = 10.0.40219.1
Project("{FAE04EC0-301F-11D3-BF4B-00C04F79EFBC}") = "RegistrationForm", "RegistrationForm.csproj", "{021CC3FD-D566-4C4A-86BC-76FB675D43F2}"
EndProject
Global
	GlobalSection(SolutionConfigurationPlatforms) = preSolution
		Debug|Any CPU = Debug|Any CPU
		Release|Any CPU = Release|Any CPU
	EndGlobalSection
	GlobalSection(ProjectConfigurationPlatforms) = postSolution
		{021CC3FD-D566-4C4A-86BC-76FB675D43F2}.Debug|Any CPU.ActiveCfg = Debug|Any CPU
		{021CC3FD-D566-4C4A-86BC-76FB675D43F2}.Debug|Any CPU.Build.0 = Debug|Any CPU
		{021CC3FD-D566-4C4A-86BC-76FB675D43F2}.Release|Any CPU.ActiveCfg = Release|Any CPU
		{021CC3FD-D566-4C4A-86BC-76FB675D43F2}.Release|Any CPU.Build.0 = Release|Any CPU
	EndGlobalSection
	GlobalSection(SolutionProperties) = preSolution
		HideSolutionNode = FALSE
	EndGlobalSection
	GlobalSection(ExtensibilityGlobals) = postSolution
		SolutionGuid = {86BEE094-99F4-444D-9F0D-3C9F9A963BF7}
	EndGlobalSection
EndGlobal
