
Microsoft Visual Studio Solution File, Format Version 12.00
# Visual Studio Version 16
VisualStudioVersion = 16.0.30907.101
MinimumVisualStudioVersion = 10.0.40219.1
Project("{FAE04EC0-301F-11D3-BF4B-00C04F79EFBC}") = "ControlWorkApp1", "ControlWorkApp1.csproj", "{F20470F6-1974-4FA9-B18D-BE2B10409DDD}"
EndProject
Global
	GlobalSection(SolutionConfigurationPlatforms) = preSolution
		Debug|Any CPU = Debug|Any CPU
		Release|Any CPU = Release|Any CPU
	EndGlobalSection
	GlobalSection(ProjectConfigurationPlatforms) = postSolution
		{F20470F6-1974-4FA9-B18D-BE2B10409DDD}.Debug|Any CPU.ActiveCfg = Debug|Any CPU
		{F20470F6-1974-4FA9-B18D-BE2B10409DDD}.Debug|Any CPU.Build.0 = Debug|Any CPU
		{F20470F6-1974-4FA9-B18D-BE2B10409DDD}.Release|Any CPU.ActiveCfg = Release|Any CPU
		{F20470F6-1974-4FA9-B18D-BE2B10409DDD}.Release|Any CPU.Build.0 = Release|Any CPU
	EndGlobalSection
	GlobalSection(SolutionProperties) = preSolution
		HideSolutionNode = FALSE
	EndGlobalSection
	GlobalSection(ExtensibilityGlobals) = postSolution
		SolutionGuid = {66085582-69F9-48F4-9282-2A8882EEDA23}
	EndGlobalSection
EndGlobal
