
Microsoft Visual Studio Solution File, Format Version 12.00
# Visual Studio Version 16
VisualStudioVersion = 16.0.30907.101
MinimumVisualStudioVersion = 10.0.40219.1
Project("{FAE04EC0-301F-11D3-BF4B-00C04F79EFBC}") = "WinTimer2", "WinTimer2.csproj", "{4064373C-5ADB-452E-A104-EA85091C4323}"
EndProject
Global
	GlobalSection(SolutionConfigurationPlatforms) = preSolution
		Debug|Any CPU = Debug|Any CPU
		Release|Any CPU = Release|Any CPU
	EndGlobalSection
	GlobalSection(ProjectConfigurationPlatforms) = postSolution
		{4064373C-5ADB-452E-A104-EA85091C4323}.Debug|Any CPU.ActiveCfg = Debug|Any CPU
		{4064373C-5ADB-452E-A104-EA85091C4323}.Debug|Any CPU.Build.0 = Debug|Any CPU
		{4064373C-5ADB-452E-A104-EA85091C4323}.Release|Any CPU.ActiveCfg = Release|Any CPU
		{4064373C-5ADB-452E-A104-EA85091C4323}.Release|Any CPU.Build.0 = Release|Any CPU
	EndGlobalSection
	GlobalSection(SolutionProperties) = preSolution
		HideSolutionNode = FALSE
	EndGlobalSection
	GlobalSection(ExtensibilityGlobals) = postSolution
		SolutionGuid = {8B2F99E0-01B6-42B7-A6F0-8C35E85CE7D5}
	EndGlobalSection
EndGlobal
