
Microsoft Visual Studio Solution File, Format Version 12.00
# Visual Studio Version 16
VisualStudioVersion = 16.0.30907.101
MinimumVisualStudioVersion = 10.0.40219.1
Project("{FAE04EC0-301F-11D3-BF4B-00C04F79EFBC}") = "WindowsFormsOwner", "WindowsFormsOwner.csproj", "{AD426FCE-82C4-4C04-A3D1-8600A09B9151}"
EndProject
Global
	GlobalSection(SolutionConfigurationPlatforms) = preSolution
		Debug|Any CPU = Debug|Any CPU
		Release|Any CPU = Release|Any CPU
	EndGlobalSection
	GlobalSection(ProjectConfigurationPlatforms) = postSolution
		{AD426FCE-82C4-4C04-A3D1-8600A09B9151}.Debug|Any CPU.ActiveCfg = Debug|Any CPU
		{AD426FCE-82C4-4C04-A3D1-8600A09B9151}.Debug|Any CPU.Build.0 = Debug|Any CPU
		{AD426FCE-82C4-4C04-A3D1-8600A09B9151}.Release|Any CPU.ActiveCfg = Release|Any CPU
		{AD426FCE-82C4-4C04-A3D1-8600A09B9151}.Release|Any CPU.Build.0 = Release|Any CPU
	EndGlobalSection
	GlobalSection(SolutionProperties) = preSolution
		HideSolutionNode = FALSE
	EndGlobalSection
	GlobalSection(ExtensibilityGlobals) = postSolution
		SolutionGuid = {56F6A645-8F28-4385-9D64-F158A9D59257}
	EndGlobalSection
EndGlobal
