
Microsoft Visual Studio Solution File, Format Version 12.00
# Visual Studio Version 16
VisualStudioVersion = 16.0.30907.101
MinimumVisualStudioVersion = 10.0.40219.1
Project("{FAE04EC0-301F-11D3-BF4B-00C04F79EFBC}") = "BiblWorm", "BiblWorm.csproj", "{CF1251D9-1ECB-4CF3-B932-6A8F44F73AC3}"
EndProject
Global
	GlobalSection(SolutionConfigurationPlatforms) = preSolution
		Debug|Any CPU = Debug|Any CPU
		Release|Any CPU = Release|Any CPU
	EndGlobalSection
	GlobalSection(ProjectConfigurationPlatforms) = postSolution
		{CF1251D9-1ECB-4CF3-B932-6A8F44F73AC3}.Debug|Any CPU.ActiveCfg = Debug|Any CPU
		{CF1251D9-1ECB-4CF3-B932-6A8F44F73AC3}.Debug|Any CPU.Build.0 = Debug|Any CPU
		{CF1251D9-1ECB-4CF3-B932-6A8F44F73AC3}.Release|Any CPU.ActiveCfg = Release|Any CPU
		{CF1251D9-1ECB-4CF3-B932-6A8F44F73AC3}.Release|Any CPU.Build.0 = Release|Any CPU
	EndGlobalSection
	GlobalSection(SolutionProperties) = preSolution
		HideSolutionNode = FALSE
	EndGlobalSection
	GlobalSection(ExtensibilityGlobals) = postSolution
		SolutionGuid = {33CF320D-4810-40DF-953A-5B341BED27FA}
	EndGlobalSection
EndGlobal
